// !$*UTF8*$!
{
	archiveVersion = 1;
	classes = {
	};
	objectVersion = 46;
	objects = {

/* Begin PBXBuildFile section */
		2772A51319493C1100E56C64 /* TitleScreen.swift in Sources */ = {isa = PBXBuildFile; fileRef = 2772A51219493C1100E56C64 /* TitleScreen.swift */; };
		2794EF6B1949323D00AAD0B2 /* AppDelegate.swift in Sources */ = {isa = PBXBuildFile; fileRef = 2794EF6A1949323D00AAD0B2 /* AppDelegate.swift */; };
		2794EF6D1949323D00AAD0B2 /* MainViewController.swift in Sources */ = {isa = PBXBuildFile; fileRef = 2794EF6C1949323D00AAD0B2 /* MainViewController.swift */; };
		2794EF701949323D00AAD0B2 /* Main.storyboard in Resources */ = {isa = PBXBuildFile; fileRef = 2794EF6E1949323D00AAD0B2 /* Main.storyboard */; };
		2794EF721949323D00AAD0B2 /* Images.xcassets in Resources */ = {isa = PBXBuildFile; fileRef = 2794EF711949323D00AAD0B2 /* Images.xcassets */; };
		2794EF7E1949323D00AAD0B2 /* SeasonalTests.swift in Sources */ = {isa = PBXBuildFile; fileRef = 2794EF7D1949323D00AAD0B2 /* SeasonalTests.swift */; };
/* End PBXBuildFile section */

/* Begin PBXContainerItemProxy section */
		2794EF781949323D00AAD0B2 /* PBXContainerItemProxy */ = {
			isa = PBXContainerItemProxy;
			containerPortal = 2794EF5D1949323D00AAD0B2 /* Project object */;
			proxyType = 1;
			remoteGlobalIDString = 2794EF641949323D00AAD0B2;
			remoteInfo = Seasonal;
		};
/* End PBXContainerItemProxy section */

/* Begin PBXFileReference section */
		2772A51219493C1100E56C64 /* TitleScreen.swift */ = {isa = PBXFileReference; fileEncoding = 4; lastKnownFileType = sourcecode.swift; path = TitleScreen.swift; sourceTree = "<group>"; };
		2794EF651949323D00AAD0B2 /* Seasonal.app */ = {isa = PBXFileReference; explicitFileType = wrapper.application; includeInIndex = 0; path = Seasonal.app; sourceTree = BUILT_PRODUCTS_DIR; };
		2794EF691949323D00AAD0B2 /* Info.plist */ = {isa = PBXFileReference; lastKnownFileType = text.plist.xml; path = Info.plist; sourceTree = "<group>"; };
		2794EF6A1949323D00AAD0B2 /* AppDelegate.swift */ = {isa = PBXFileReference; lastKnownFileType = sourcecode.swift; path = AppDelegate.swift; sourceTree = "<group>"; };
		2794EF6C1949323D00AAD0B2 /* MainViewController.swift */ = {isa = PBXFileReference; lastKnownFileType = sourcecode.swift; path = MainViewController.swift; sourceTree = "<group>"; };
		2794EF6F1949323D00AAD0B2 /* Base */ = {isa = PBXFileReference; lastKnownFileType = file.storyboard; name = Base; path = Base.lproj/Main.storyboard; sourceTree = "<group>"; };
		2794EF711949323D00AAD0B2 /* Images.xcassets */ = {isa = PBXFileReference; lastKnownFileType = folder.assetcatalog; path = Images.xcassets; sourceTree = "<group>"; };
		2794EF771949323D00AAD0B2 /* SeasonalTests.xctest */ = {isa = PBXFileReference; explicitFileType = wrapper.cfbundle; includeInIndex = 0; path = SeasonalTests.xctest; sourceTree = BUILT_PRODUCTS_DIR; };
		2794EF7C1949323D00AAD0B2 /* Info.plist */ = {isa = PBXFileReference; lastKnownFileType = text.plist.xml; path = Info.plist; sourceTree = "<group>"; };
		2794EF7D1949323D00AAD0B2 /* SeasonalTests.swift */ = {isa = PBXFileReference; lastKnownFileType = sourcecode.swift; path = SeasonalTests.swift; sourceTree = "<group>"; };
/* End PBXFileReference section */

/* Begin PBXFrameworksBuildPhase section */
		2794EF621949323D00AAD0B2 /* Frameworks */ = {
			isa = PBXFrameworksBuildPhase;
			buildActionMask = 2147483647;
			files = (
			);
			runOnlyForDeploymentPostprocessing = 0;
		};
		2794EF741949323D00AAD0B2 /* Frameworks */ = {
			isa = PBXFrameworksBuildPhase;
			buildActionMask = 2147483647;
			files = (
			);
			runOnlyForDeploymentPostprocessing = 0;
		};
/* End PBXFrameworksBuildPhase section */

/* Begin PBXGroup section */
		2794EF5C1949323D00AAD0B2 = {
			isa = PBXGroup;
			children = (
				2794EF671949323D00AAD0B2 /* Seasonal */,
				2794EF7A1949323D00AAD0B2 /* SeasonalTests */,
				2794EF661949323D00AAD0B2 /* Products */,
			);
			sourceTree = "<group>";
		};
		2794EF661949323D00AAD0B2 /* Products */ = {
			isa = PBXGroup;
			children = (
				2794EF651949323D00AAD0B2 /* Seasonal.app */,
				2794EF771949323D00AAD0B2 /* SeasonalTests.xctest */,
			);
			name = Products;
			sourceTree = "<group>";
		};
		2794EF671949323D00AAD0B2 /* Seasonal */ = {
			isa = PBXGroup;
			children = (
				2794EF6A1949323D00AAD0B2 /* AppDelegate.swift */,
				2794EF6C1949323D00AAD0B2 /* MainViewController.swift */,
				2794EF6E1949323D00AAD0B2 /* Main.storyboard */,
				2794EF711949323D00AAD0B2 /* Images.xcassets */,
				2794EF681949323D00AAD0B2 /* Supporting Files */,
				2772A51219493C1100E56C64 /* TitleScreen.swift */,
			);
			path = Seasonal;
			sourceTree = "<group>";
		};
		2794EF681949323D00AAD0B2 /* Supporting Files */ = {
			isa = PBXGroup;
			children = (
				2794EF691949323D00AAD0B2 /* Info.plist */,
			);
			name = "Supporting Files";
			sourceTree = "<group>";
		};
		2794EF7A1949323D00AAD0B2 /* SeasonalTests */ = {
			isa = PBXGroup;
			children = (
				2794EF7D1949323D00AAD0B2 /* SeasonalTests.swift */,
				2794EF7B1949323D00AAD0B2 /* Supporting Files */,
			);
			path = SeasonalTests;
			sourceTree = "<group>";
		};
		2794EF7B1949323D00AAD0B2 /* Supporting Files */ = {
			isa = PBXGroup;
			children = (
				2794EF7C1949323D00AAD0B2 /* Info.plist */,
			);
			name = "Supporting Files";
			sourceTree = "<group>";
		};
/* End PBXGroup section */

/* Begin PBXNativeTarget section */
		2794EF641949323D00AAD0B2 /* Seasonal */ = {
			isa = PBXNativeTarget;
			buildConfigurationList = 2794EF811949323D00AAD0B2 /* Build configuration list for PBXNativeTarget "Seasonal" */;
			buildPhases = (
				2794EF611949323D00AAD0B2 /* Sources */,
				2794EF621949323D00AAD0B2 /* Frameworks */,
				2794EF631949323D00AAD0B2 /* Resources */,
			);
			buildRules = (
			);
			dependencies = (
			);
			name = Seasonal;
			productName = Seasonal;
			productReference = 2794EF651949323D00AAD0B2 /* Seasonal.app */;
			productType = "com.apple.product-type.application";
		};
		2794EF761949323D00AAD0B2 /* SeasonalTests */ = {
			isa = PBXNativeTarget;
			buildConfigurationList = 2794EF841949323D00AAD0B2 /* Build configuration list for PBXNativeTarget "SeasonalTests" */;
			buildPhases = (
				2794EF731949323D00AAD0B2 /* Sources */,
				2794EF741949323D00AAD0B2 /* Frameworks */,
				2794EF751949323D00AAD0B2 /* Resources */,
			);
			buildRules = (
			);
			dependencies = (
				2794EF791949323D00AAD0B2 /* PBXTargetDependency */,
			);
			name = SeasonalTests;
			productName = SeasonalTests;
			productReference = 2794EF771949323D00AAD0B2 /* SeasonalTests.xctest */;
			productType = "com.apple.product-type.bundle.unit-test";
		};
/* End PBXNativeTarget section */

/* Begin PBXProject section */
		2794EF5D1949323D00AAD0B2 /* Project object */ = {
			isa = PBXProject;
			attributes = {
				LastUpgradeCheck = 0600;
				ORGANIZATIONNAME = "Kyle Carbone";
				TargetAttributes = {
					2794EF641949323D00AAD0B2 = {
						CreatedOnToolsVersion = 6.0;
					};
					2794EF761949323D00AAD0B2 = {
						CreatedOnToolsVersion = 6.0;
						TestTargetID = 2794EF641949323D00AAD0B2;
					};
				};
			};
			buildConfigurationList = 2794EF601949323D00AAD0B2 /* Build configuration list for PBXProject "Seasonal" */;
			compatibilityVersion = "Xcode 3.2";
			developmentRegion = English;
			hasScannedForEncodings = 0;
			knownRegions = (
				en,
				Base,
			);
			mainGroup = 2794EF5C1949323D00AAD0B2;
			productRefGroup = 2794EF661949323D00AAD0B2 /* Products */;
			projectDirPath = "";
			projectRoot = "";
			targets = (
				2794EF641949323D00AAD0B2 /* Seasonal */,
				2794EF761949323D00AAD0B2 /* SeasonalTests */,
			);
		};
/* End PBXProject section */

/* Begin PBXResourcesBuildPhase section */
		2794EF631949323D00AAD0B2 /* Resources */ = {
			isa = PBXResourcesBuildPhase;
			buildActionMask = 2147483647;
			files = (
				2794EF701949323D00AAD0B2 /* Main.storyboard in Resources */,
				2794EF721949323D00AAD0B2 /* Images.xcassets in Resources */,
			);
			runOnlyForDeploymentPostprocessing = 0;
		};
		2794EF751949323D00AAD0B2 /* Resources */ = {
			isa = PBXResourcesBuildPhase;
			buildActionMask = 2147483647;
			files = (
			);
			runOnlyForDeploymentPostprocessing = 0;
		};
/* End PBXResourcesBuildPhase section */

/* Begin PBXSourcesBuildPhase section */
		2794EF611949323D00AAD0B2 /* Sources */ = {
			isa = PBXSourcesBuildPhase;
			buildActionMask = 2147483647;
			files = (
				2794EF6D1949323D00AAD0B2 /* MainViewController.swift in Sources */,
				2794EF6B1949323D00AAD0B2 /* AppDelegate.swift in Sources */,
				2772A51319493C1100E56C64 /* TitleScreen.swift in Sources */,
			);
			runOnlyForDeploymentPostprocessing = 0;
		};
		2794EF731949323D00AAD0B2 /* Sources */ = {
			isa = PBXSourcesBuildPhase;
			buildActionMask = 2147483647;
			files = (
				2794EF7E1949323D00AAD0B2 /* SeasonalTests.swift in Sources */,
			);
			runOnlyForDeploymentPostprocessing = 0;
		};
/* End PBXSourcesBuildPhase section */

/* Begin PBXTargetDependency section */
		2794EF791949323D00AAD0B2 /* PBXTargetDependency */ = {
			isa = PBXTargetDependency;
			target = 2794EF641949323D00AAD0B2 /* Seasonal */;
			targetProxy = 2794EF781949323D00AAD0B2 /* PBXContainerItemProxy */;
		};
/* End PBXTargetDependency section */

/* Begin PBXVariantGroup section */
		2794EF6E1949323D00AAD0B2 /* Main.storyboard */ = {
			isa = PBXVariantGroup;
			children = (
				2794EF6F1949323D00AAD0B2 /* Base */,
			);
			name = Main.storyboard;
			sourceTree = "<group>";
		};
/* End PBXVariantGroup section */

/* Begin XCBuildConfiguration section */
		2794EF7F1949323D00AAD0B2 /* Debug */ = {
			isa = XCBuildConfiguration;
			buildSettings = {
				ALWAYS_SEARCH_USER_PATHS = NO;
				CLANG_CXX_LANGUAGE_STANDARD = "gnu++0x";
				CLANG_CXX_LIBRARY = "libc++";
				CLANG_ENABLE_MODULES = YES;
				CLANG_ENABLE_OBJC_ARC = YES;
				CLANG_WARN_BOOL_CONVERSION = YES;
				CLANG_WARN_CONSTANT_CONVERSION = YES;
				CLANG_WARN_DIRECT_OBJC_ISA_USAGE = YES_ERROR;
				CLANG_WARN_EMPTY_BODY = YES;
				CLANG_WARN_ENUM_CONVERSION = YES;
				CLANG_WARN_INT_CONVERSION = YES;
				CLANG_WARN_OBJC_ROOT_CLASS = YES_ERROR;
				CLANG_WARN_UNREACHABLE_CODE = YES;
				CLANG_WARN__DUPLICATE_METHOD_MATCH = YES;
				"CODE_SIGN_IDENTITY[sdk=iphoneos*]" = "iPhone Developer";
				COPY_PHASE_STRIP = NO;
				ENABLE_STRICT_OBJC_MSGSEND = YES;
				GCC_C_LANGUAGE_STANDARD = gnu99;
				GCC_DYNAMIC_NO_PIC = NO;
				GCC_OPTIMIZATION_LEVEL = 0;
				GCC_PREPROCESSOR_DEFINITIONS = (
					"DEBUG=1",
					"$(inherited)",
				);
				GCC_SYMBOLS_PRIVATE_EXTERN = NO;
				GCC_WARN_64_TO_32_BIT_CONVERSION = YES;
				GCC_WARN_ABOUT_RETURN_TYPE = YES_ERROR;
				GCC_WARN_UNDECLARED_SELECTOR = YES;
				GCC_WARN_UNINITIALIZED_AUTOS = YES_AGGRESSIVE;
				GCC_WARN_UNUSED_FUNCTION = YES;
				GCC_WARN_UNUSED_VARIABLE = YES;
				IPHONEOS_DEPLOYMENT_TARGET = 8.0;
				METAL_ENABLE_DEBUG_INFO = YES;
				ONLY_ACTIVE_ARCH = YES;
				SDKROOT = iphoneos;
				SWIFT_OPTIMIZATION_LEVEL = "-Onone";
				TARGETED_DEVICE_FAMILY = "1,2";
			};
			name = Debug;
		};
		2794EF801949323D00AAD0B2 /* Release */ = {
			isa = XCBuildConfiguration;
			buildSettings = {
				ALWAYS_SEARCH_USER_PATHS = NO;
				CLANG_CXX_LANGUAGE_STANDARD = "gnu++0x";
				CLANG_CXX_LIBRARY = "libc++";
				CLANG_ENABLE_MODULES = YES;
				CLANG_ENABLE_OBJC_ARC = YES;
				CLANG_WARN_BOOL_CONVERSION = YES;
				CLANG_WARN_CONSTANT_CONVERSION = YES;
				CLANG_WARN_DIRECT_OBJC_ISA_USAGE = YES_ERROR;
				CLANG_WARN_EMPTY_BODY = YES;
				CLANG_WARN_ENUM_CONVERSION = YES;
				CLANG_WARN_INT_CONVERSION = YES;
				CLANG_WARN_OBJC_ROOT_CLASS = YES_ERROR;
				CLANG_WARN_UNREACHABLE_CODE = YES;
				CLANG_WARN__DUPLICATE_METHOD_MATCH = YES;
				"CODE_SIGN_IDENTITY[sdk=iphoneos*]" = "iPhone Developer";
				COPY_PHASE_STRIP = YES;
				ENABLE_NS_ASSERTIONS = NO;
				ENABLE_STRICT_OBJC_MSGSEND = YES;
				GCC_C_LANGUAGE_STANDARD = gnu99;
				GCC_WARN_64_TO_32_BIT_CONVERSION = YES;
				GCC_WARN_ABOUT_RETURN_TYPE = YES_ERROR;
				GCC_WARN_UNDECLARED_SELECTOR = YES;
				GCC_WARN_UNINITIALIZED_AUTOS = YES_AGGRESSIVE;
				GCC_WARN_UNUSED_FUNCTION = YES;
				GCC_WARN_UNUSED_VARIABLE = YES;
				IPHONEOS_DEPLOYMENT_TARGET = 8.0;
				METAL_ENABLE_DEBUG_INFO = NO;
				SDKROOT = iphoneos;
				TARGETED_DEVICE_FAMILY = "1,2";
				VALIDATE_PRODUCT = YES;
			};
			name = Release;
		};
		2794EF821949323D00AAD0B2 /* Debug */ = {
			isa = XCBuildConfiguration;
			buildSettings = {
				ASSETCATALOG_COMPILER_APPICON_NAME = AppIcon;
				ASSETCATALOG_COMPILER_LAUNCHIMAGE_NAME = LaunchImage;
				INFOPLIST_FILE = Seasonal/Info.plist;
				LD_RUNPATH_SEARCH_PATHS = "$(inherited) @executable_path/Frameworks";
				PRODUCT_NAME = "$(TARGET_NAME)";
			};
			name = Debug;
		};
		2794EF831949323D00AAD0B2 /* Release */ = {
			isa = XCBuildConfiguration;
			buildSettings = {
				ASSETCATALOG_COMPILER_APPICON_NAME = AppIcon;
				ASSETCATALOG_COMPILER_LAUNCHIMAGE_NAME = LaunchImage;
				INFOPLIST_FILE = Seasonal/Info.plist;
				LD_RUNPATH_SEARCH_PATHS = "$(inherited) @executable_path/Frameworks";
				PRODUCT_NAME = "$(TARGET_NAME)";
			};
			name = Release;
		};
		2794EF851949323D00AAD0B2 /* Debug */ = {
			isa = XCBuildConfiguration;
			buildSettings = {
				BUNDLE_LOADER = "$(BUILT_PRODUCTS_DIR)/Seasonal.app/Seasonal";
				FRAMEWORK_SEARCH_PATHS = (
					"$(SDKROOT)/Developer/Library/Frameworks",
					"$(inherited)",
				);
				GCC_PREPROCESSOR_DEFINITIONS = (
					"DEBUG=1",
					"$(inherited)",
				);
				INFOPLIST_FILE = SeasonalTests/Info.plist;
				LD_RUNPATH_SEARCH_PATHS = "$(inherited) @executable_path/Frameworks @loader_path/Frameworks";
				METAL_ENABLE_DEBUG_INFO = YES;
				PRODUCT_NAME = "$(TARGET_NAME)";
				TEST_HOST = "$(BUNDLE_LOADER)";
			};
			name = Debug;
		};
		2794EF861949323D00AAD0B2 /* Release */ = {
			isa = XCBuildConfiguration;
			buildSettings = {
				BUNDLE_LOADER = "$(BUILT_PRODUCTS_DIR)/Seasonal.app/Seasonal";
				FRAMEWORK_SEARCH_PATHS = (
					"$(SDKROOT)/Developer/Library/Frameworks",
					"$(inherited)",
				);
				INFOPLIST_FILE = SeasonalTests/Info.plist;
				LD_RUNPATH_SEARCH_PATHS = "$(inherited) @executable_path/Frameworks @loader_path/Frameworks";
				METAL_ENABLE_DEBUG_INFO = NO;
				PRODUCT_NAME = "$(TARGET_NAME)";
				TEST_HOST = "$(BUNDLE_LOADER)";
			};
			name = Release;
		};
/* End XCBuildConfiguration section */

/* Begin XCConfigurationList section */
		2794EF601949323D00AAD0B2 /* Build configuration list for PBXProject "Seasonal" */ = {
			isa = XCConfigurationList;
			buildConfigurations = (
				2794EF7F1949323D00AAD0B2 /* Debug */,
				2794EF801949323D00AAD0B2 /* Release */,
			);
			defaultConfigurationIsVisible = 0;
			defaultConfigurationName = Release;
		};
		2794EF811949323D00AAD0B2 /* Build configuration list for PBXNativeTarget "Seasonal" */ = {
			isa = XCConfigurationList;
			buildConfigurations = (
				2794EF821949323D00AAD0B2 /* Debug */,
				2794EF831949323D00AAD0B2 /* Release */,
			);
			defaultConfigurationIsVisible = 0;
			defaultConfigurationName = Release;
		};
		2794EF841949323D00AAD0B2 /* Build configuration list for PBXNativeTarget "SeasonalTests" */ = {
			isa = XCConfigurationList;
			buildConfigurations = (
				2794EF851949323D00AAD0B2 /* Debug */,
				2794EF861949323D00AAD0B2 /* Release */,
			);
			defaultConfigurationIsVisible = 0;
			defaultConfigurationName = Release;
		};
/* End XCConfigurationList section */
	};
	rootObject = 2794EF5D1949323D00AAD0B2 /* Project object */;
}
